{
  "object": {
    "pins": [
      {
        "package": "IperfSwift",
        "repositoryURL": "/Volumes/MacSSD/Dev/xcode/iperf-swift",
        "state": {
          "branch": null,
          "revision": "2fcae6089c57ff64f52483083c30145c722bcefc",
          "version": "1.1.1"
        }
      }
    ]
  },
  "version": 1
}
