{
  "pins" : [
    {
      "identity" : "iperf-swift",
      "kind" : "remoteSourceControl",
      "location" : "https://github.com/igorskh/iperf-swift",
      "state" : {
        "revision" : "cf0fa8e08b31ded39516ab4d69a6a3b60db6d983",
        "version" : "1.3.0"
      }
    }
  ],
  "version" : 2
}
