{
  "object": {
    "pins": [
      {
        "package": "IperfSwift",
        "repositoryURL": "/Volumes/MacSSD/Dev/xcode/iperf-swift",
        "state": {
          "branch": "develop",
          "revision": "8ba4aff03ac7272a4144532474695499b0996934",
          "version": null
        }
      }
    ]
  },
  "version": 1
}
